<?xml version="1.0" encoding="utf-8"?>
<Project ToolsVersion="4.0" xmlns="http://schemas.microsoft.com/developer/msbuild/2003">
  <ItemGroup>
    <Filter Include="source">
      <UniqueIdentifier>{9ce6b465-2f7e-4673-a32f-387ebcd8bd83}</UniqueIdentifier>
    </Filter>
    <Filter Include="3rd">
      <UniqueIdentifier>{74fd7293-fd87-44ab-9ff5-6428518be88a}</UniqueIdentifier>
    </Filter>
    <Filter Include="handler">
      <UniqueIdentifier>{598d5ce8-b4c9-4f9a-b339-d4e8456672bb}</UniqueIdentifier>
    </Filter>
    <Filter Include="message">
      <UniqueIdentifier>{700f0627-d8a9-4767-81c9-147680ec3f94}</UniqueIdentifier>
    </Filter>
    <Filter Include="include">
      <UniqueIdentifier>{d06d1f50-43ae-4b0a-99fe-dc1be0846ec5}</UniqueIdentifier>
    </Filter>
  </ItemGroup>
  <ItemGroup>
    <ClCompile Include="MelotonNode.cpp" />
    <ClCompile Include="..\message\MessageAlive.pb.cc">
      <Filter>message</Filter>
    </ClCompile>
    <ClCompile Include="..\message\MessageBlockAccept.pb.cc">
      <Filter>message</Filter>
    </ClCompile>
    <ClCompile Include="..\message\MessageBlockData.pb.cc">
      <Filter>message</Filter>
    </ClCompile>
    <ClCompile Include="..\message\MessageBlockList.pb.cc">
      <Filter>message</Filter>
    </ClCompile>
    <ClCompile Include="..\message\MessageBlockMeta.pb.cc">
      <Filter>message</Filter>
    </ClCompile>
    <ClCompile Include="..\message\MessageError.pb.cc">
      <Filter>message</Filter>
    </ClCompile>
    <ClCompile Include="..\message\MessageOpenACK.pb.cc">
      <Filter>message</Filter>
    </ClCompile>
    <ClCompile Include="..\message\MessageOpenFile.pb.cc">
      <Filter>message</Filter>
    </ClCompile>
    <ClCompile Include="..\message\MessagePrepareRead.pb.cc">
      <Filter>message</Filter>
    </ClCompile>
    <ClCompile Include="..\message\MessagePrepareReadACK.pb.cc">
      <Filter>message</Filter>
    </ClCompile>
    <ClCompile Include="..\message\MessagePrepareWrite.pb.cc">
      <Filter>message</Filter>
    </ClCompile>
    <ClCompile Include="..\message\MessagePrepareWriteACK.pb.cc">
      <Filter>message</Filter>
    </ClCompile>
    <ClCompile Include="..\message\MessageRead.pb.cc">
      <Filter>message</Filter>
    </ClCompile>
    <ClCompile Include="..\message\MessageReadBlock.pb.cc">
      <Filter>message</Filter>
    </ClCompile>
    <ClCompile Include="..\message\MessageSyncBlock.pb.cc">
      <Filter>message</Filter>
    </ClCompile>
    <ClCompile Include="..\message\MessageWrite.pb.cc">
      <Filter>message</Filter>
    </ClCompile>
    <ClCompile Include="..\source\MasterConnector.cpp">
      <Filter>source</Filter>
    </ClCompile>
    <ClCompile Include="..\source\MelotonSession.cpp">
      <Filter>source</Filter>
    </ClCompile>
    <ClCompile Include="..\source\BlockHub.cpp">
      <Filter>source</Filter>
    </ClCompile>
    <ClCompile Include="..\source\Path.cpp">
      <Filter>source</Filter>
    </ClCompile>
    <ClCompile Include="..\source\TokenPool.cpp">
      <Filter>source</Filter>
    </ClCompile>
    <ClCompile Include="..\source\ClientListener.cpp">
      <Filter>source</Filter>
    </ClCompile>
    <ClCompile Include="..\source\MasterSession.cpp">
      <Filter>source</Filter>
    </ClCompile>
    <ClCompile Include="..\message\MessageDuplicateBlock.pb.cc">
      <Filter>message</Filter>
    </ClCompile>
    <ClCompile Include="..\message\MessageDuplicateData.pb.cc">
      <Filter>message</Filter>
    </ClCompile>
    <ClCompile Include="..\message\MessageDuplicateDataAccept.pb.cc">
      <Filter>message</Filter>
    </ClCompile>
    <ClCompile Include="..\message\MessageNewBlock.pb.cc">
      <Filter>message</Filter>
    </ClCompile>
    <ClCompile Include="..\message\MessageTell.pb.cc">
      <Filter>message</Filter>
    </ClCompile>
    <ClCompile Include="..\message\MessageTellACK.pb.cc">
      <Filter>message</Filter>
    </ClCompile>
    <ClCompile Include="..\source\DuplicateConnector.cpp">
      <Filter>source</Filter>
    </ClCompile>
    <ClCompile Include="..\source\DuplicateSession.cpp">
      <Filter>source</Filter>
    </ClCompile>
    <ClCompile Include="..\message\MessageDuplicateDataRequest.pb.cc">
      <Filter>message</Filter>
    </ClCompile>
    <ClCompile Include="..\source\DuplicateListener.cpp">
      <Filter>source</Filter>
    </ClCompile>
    <ClCompile Include="..\message\MessageDeleteBlock.pb.cc">
      <Filter>message</Filter>
    </ClCompile>
    <ClCompile Include="..\message\MessageDeleteBlockACK.pb.cc">
      <Filter>message</Filter>
    </ClCompile>
    <ClCompile Include="..\message\MessageDeleteFile.pb.cc">
      <Filter>message</Filter>
    </ClCompile>
    <ClCompile Include="..\message\MessageDeleteFileACK.pb.cc">
      <Filter>message</Filter>
    </ClCompile>
    <ClCompile Include="..\source\DuplicateSendBlockSession.cpp">
      <Filter>source</Filter>
    </ClCompile>
  </ItemGroup>
  <ItemGroup>
    <ClInclude Include="..\handler\MessageAliveHandler.h">
      <Filter>handler</Filter>
    </ClInclude>
    <ClInclude Include="..\handler\MessageBlockAcceptHandler.h">
      <Filter>handler</Filter>
    </ClInclude>
    <ClInclude Include="..\handler\MessageBlockDataHandler.h">
      <Filter>handler</Filter>
    </ClInclude>
    <ClInclude Include="..\handler\MessageBlockListHandler.h">
      <Filter>handler</Filter>
    </ClInclude>
    <ClInclude Include="..\handler\MessageBlockMetaHandler.h">
      <Filter>handler</Filter>
    </ClInclude>
    <ClInclude Include="..\handler\MessageErrorHandler.h">
      <Filter>handler</Filter>
    </ClInclude>
    <ClInclude Include="..\handler\MessageHub.h">
      <Filter>handler</Filter>
    </ClInclude>
    <ClInclude Include="..\handler\MessageOpenACKHandler.h">
      <Filter>handler</Filter>
    </ClInclude>
    <ClInclude Include="..\handler\MessageOpenFileHandler.h">
      <Filter>handler</Filter>
    </ClInclude>
    <ClInclude Include="..\handler\MessagePrepareReadACKHandler.h">
      <Filter>handler</Filter>
    </ClInclude>
    <ClInclude Include="..\handler\MessagePrepareReadHandler.h">
      <Filter>handler</Filter>
    </ClInclude>
    <ClInclude Include="..\handler\MessagePrepareWriteACKHandler.h">
      <Filter>handler</Filter>
    </ClInclude>
    <ClInclude Include="..\handler\MessagePrepareWriteHandler.h">
      <Filter>handler</Filter>
    </ClInclude>
    <ClInclude Include="..\handler\MessageReadBlockHandler.h">
      <Filter>handler</Filter>
    </ClInclude>
    <ClInclude Include="..\handler\MessageReadHandler.h">
      <Filter>handler</Filter>
    </ClInclude>
    <ClInclude Include="..\handler\MessageSyncBlockHandler.h">
      <Filter>handler</Filter>
    </ClInclude>
    <ClInclude Include="..\handler\MessageWriteHandler.h">
      <Filter>handler</Filter>
    </ClInclude>
    <ClInclude Include="..\message\MessageAlive.pb.h">
      <Filter>message</Filter>
    </ClInclude>
    <ClInclude Include="..\message\MessageBlockAccept.pb.h">
      <Filter>message</Filter>
    </ClInclude>
    <ClInclude Include="..\message\MessageBlockData.pb.h">
      <Filter>message</Filter>
    </ClInclude>
    <ClInclude Include="..\message\MessageBlockList.pb.h">
      <Filter>message</Filter>
    </ClInclude>
    <ClInclude Include="..\message\MessageBlockMeta.pb.h">
      <Filter>message</Filter>
    </ClInclude>
    <ClInclude Include="..\message\MessageError.pb.h">
      <Filter>message</Filter>
    </ClInclude>
    <ClInclude Include="..\message\MessageOpenACK.pb.h">
      <Filter>message</Filter>
    </ClInclude>
    <ClInclude Include="..\message\MessageOpenFile.pb.h">
      <Filter>message</Filter>
    </ClInclude>
    <ClInclude Include="..\message\MessagePrepareRead.pb.h">
      <Filter>message</Filter>
    </ClInclude>
    <ClInclude Include="..\message\MessagePrepareReadACK.pb.h">
      <Filter>message</Filter>
    </ClInclude>
    <ClInclude Include="..\message\MessagePrepareWrite.pb.h">
      <Filter>message</Filter>
    </ClInclude>
    <ClInclude Include="..\message\MessagePrepareWriteACK.pb.h">
      <Filter>message</Filter>
    </ClInclude>
    <ClInclude Include="..\message\MessageRead.pb.h">
      <Filter>message</Filter>
    </ClInclude>
    <ClInclude Include="..\message\MessageReadBlock.pb.h">
      <Filter>message</Filter>
    </ClInclude>
    <ClInclude Include="..\message\MessageSyncBlock.pb.h">
      <Filter>message</Filter>
    </ClInclude>
    <ClInclude Include="..\message\MessageWrite.pb.h">
      <Filter>message</Filter>
    </ClInclude>
    <ClInclude Include="..\include\MasterConnector.h">
      <Filter>include</Filter>
    </ClInclude>
    <ClInclude Include="..\include\MelotonSession.h">
      <Filter>include</Filter>
    </ClInclude>
    <ClInclude Include="..\include\MasterSession.h">
      <Filter>include</Filter>
    </ClInclude>
    <ClInclude Include="..\include\MelotonNode.h" />
    <ClInclude Include="..\include\BlockHub.h">
      <Filter>include</Filter>
    </ClInclude>
    <ClInclude Include="..\include\BlockIndex.h">
      <Filter>include</Filter>
    </ClInclude>
    <ClInclude Include="..\include\Path.h">
      <Filter>include</Filter>
    </ClInclude>
    <ClInclude Include="..\include\TokenPool.h">
      <Filter>include</Filter>
    </ClInclude>
    <ClInclude Include="..\include\ObjectPool.h">
      <Filter>include</Filter>
    </ClInclude>
    <ClInclude Include="..\include\ClientListener.h">
      <Filter>include</Filter>
    </ClInclude>
    <ClInclude Include="..\include\ClientSession.h">
      <Filter>include</Filter>
    </ClInclude>
    <ClInclude Include="..\include\Settings.h">
      <Filter>include</Filter>
    </ClInclude>
    <ClInclude Include="..\include\ErrorCode.h">
      <Filter>include</Filter>
    </ClInclude>
    <ClInclude Include="..\handler\MessageDuplicateBlockHandler.h">
      <Filter>handler</Filter>
    </ClInclude>
    <ClInclude Include="..\handler\MessageDuplicateDataAcceptHandler.h">
      <Filter>handler</Filter>
    </ClInclude>
    <ClInclude Include="..\handler\MessageDuplicateDataHandler.h">
      <Filter>handler</Filter>
    </ClInclude>
    <ClInclude Include="..\handler\MessageNewBlockHandler.h">
      <Filter>handler</Filter>
    </ClInclude>
    <ClInclude Include="..\message\MessageDuplicateBlock.pb.h">
      <Filter>message</Filter>
    </ClInclude>
    <ClInclude Include="..\message\MessageDuplicateData.pb.h">
      <Filter>message</Filter>
    </ClInclude>
    <ClInclude Include="..\message\MessageDuplicateDataAccept.pb.h">
      <Filter>message</Filter>
    </ClInclude>
    <ClInclude Include="..\message\MessageNewBlock.pb.h">
      <Filter>message</Filter>
    </ClInclude>
    <ClInclude Include="..\message\MessageTell.pb.h">
      <Filter>message</Filter>
    </ClInclude>
    <ClInclude Include="..\message\MessageTellACK.pb.h">
      <Filter>message</Filter>
    </ClInclude>
    <ClInclude Include="..\handler\MessageTellACKHandler.h">
      <Filter>handler</Filter>
    </ClInclude>
    <ClInclude Include="..\handler\MessageTellHandler.h">
      <Filter>handler</Filter>
    </ClInclude>
    <ClInclude Include="..\include\DuplicateConnector.h">
      <Filter>include</Filter>
    </ClInclude>
    <ClInclude Include="..\include\DuplicateSession.h">
      <Filter>include</Filter>
    </ClInclude>
    <ClInclude Include="..\handler\MessageDuplicateDataRequestHandler.h">
      <Filter>handler</Filter>
    </ClInclude>
    <ClInclude Include="..\message\MessageDuplicateDataRequest.pb.h">
      <Filter>message</Filter>
    </ClInclude>
    <ClInclude Include="..\include\DuplicateSessionPool.h">
      <Filter>include</Filter>
    </ClInclude>
    <ClInclude Include="..\include\DuplicateListener.h">
      <Filter>include</Filter>
    </ClInclude>
    <ClInclude Include="..\handler\MessageDeleteBlockACKHandler.h">
      <Filter>handler</Filter>
    </ClInclude>
    <ClInclude Include="..\handler\MessageDeleteBlockHandler.h">
      <Filter>handler</Filter>
    </ClInclude>
    <ClInclude Include="..\handler\MessageDeleteFileACKHandler.h">
      <Filter>handler</Filter>
    </ClInclude>
    <ClInclude Include="..\handler\MessageDeleteFileHandler.h">
      <Filter>handler</Filter>
    </ClInclude>
    <ClInclude Include="..\message\MessageDeleteBlock.pb.h">
      <Filter>message</Filter>
    </ClInclude>
    <ClInclude Include="..\message\MessageDeleteBlockACK.pb.h">
      <Filter>message</Filter>
    </ClInclude>
    <ClInclude Include="..\message\MessageDeleteFile.pb.h">
      <Filter>message</Filter>
    </ClInclude>
    <ClInclude Include="..\message\MessageDeleteFileACK.pb.h">
      <Filter>message</Filter>
    </ClInclude>
    <ClInclude Include="..\include\DuplicateSendBlockSession.h">
      <Filter>include</Filter>
    </ClInclude>
  </ItemGroup>
</Project>